
Microsoft Visual Studio Solution File, Format Version 12.00
# Visual Studio 15
VisualStudioVersion = 15.0.26430.16
MinimumVisualStudioVersion = 10.0.40219.1
Project("{FAE04EC0-301F-11D3-BF4B-00C04F79EFBC}") = "bank", "bank\bank.csproj", "{8FEB8BB3-71C8-4A70-986E-48DFFB7889CF}"
EndProject
Project("{FAE04EC0-301F-11D3-BF4B-00C04F79EFBC}") = "bank.Tests", "bank.Tests\bank.Tests.csproj", "{26A3EEA0-183F-41E9-B3A2-1E32A8D42528}"
EndProject
Global
	GlobalSection(SolutionConfigurationPlatforms) = preSolution
		Debug|Any CPU = Debug|Any CPU
		Release|Any CPU = Release|Any CPU
	EndGlobalSection
	GlobalSection(ProjectConfigurationPlatforms) = postSolution
		{8FEB8BB3-71C8-4A70-986E-48DFFB7889CF}.Debug|Any CPU.ActiveCfg = Debug|Any CPU
		{8FEB8BB3-71C8-4A70-986E-48DFFB7889CF}.Debug|Any CPU.Build.0 = Debug|Any CPU
		{8FEB8BB3-71C8-4A70-986E-48DFFB7889CF}.Release|Any CPU.ActiveCfg = Release|Any CPU
		{8FEB8BB3-71C8-4A70-986E-48DFFB7889CF}.Release|Any CPU.Build.0 = Release|Any CPU
		{26A3EEA0-183F-41E9-B3A2-1E32A8D42528}.Debug|Any CPU.ActiveCfg = Debug|Any CPU
		{26A3EEA0-183F-41E9-B3A2-1E32A8D42528}.Debug|Any CPU.Build.0 = Debug|Any CPU
		{26A3EEA0-183F-41E9-B3A2-1E32A8D42528}.Release|Any CPU.ActiveCfg = Release|Any CPU
		{26A3EEA0-183F-41E9-B3A2-1E32A8D42528}.Release|Any CPU.Build.0 = Release|Any CPU
	EndGlobalSection
	GlobalSection(SolutionProperties) = preSolution
		HideSolutionNode = FALSE
	EndGlobalSection
EndGlobal
